Microsoft Visual Studio Solution File, Format Version 12.00
# Visual Studio Version 17
VisualStudioVersion = 17.5.2.0
MinimumVisualStudioVersion = 10.0.40219.1
Project("{FAE04EC0-301F-11D3-BF4B-00C04F79EFBC}") = "TournamentSystem", "TournamentSystem\TournamentSystem.csproj", "{E45C7E46-1B55-73BC-25AA-50103A1C6450}"
EndProject
Global
	GlobalSection(SolutionConfigurationPlatforms) = preSolution
		Debug|Any CPU = Debug|Any CPU
		Release|Any CPU = Release|Any CPU
	EndGlobalSection
	GlobalSection(ProjectConfigurationPlatforms) = postSolution
		{E45C7E46-1B55-73BC-25AA-50103A1C6450}.Debug|Any CPU.ActiveCfg = Debug|Any CPU
		{E45C7E46-1B55-73BC-25AA-50103A1C6450}.Debug|Any CPU.Build.0 = Debug|Any CPU
		{E45C7E46-1B55-73BC-25AA-50103A1C6450}.Release|Any CPU.ActiveCfg = Release|Any CPU
		{E45C7E46-1B55-73BC-25AA-50103A1C6450}.Release|Any CPU.Build.0 = Release|Any CPU
	EndGlobalSection
	GlobalSection(SolutionProperties) = preSolution
		HideSolutionNode = FALSE
	EndGlobalSection
	GlobalSection(ExtensibilityGlobals) = postSolution
		SolutionGuid = {2FF06F8A-4D30-4458-8E70-2E5C417CC14F}
	EndGlobalSection
EndGlobal
